
Microsoft Visual Studio Solution File, Format Version 12.00
# Visual Studio Version 17
VisualStudioVersion = 17.8.34330.188
MinimumVisualStudioVersion = 10.0.40219.1
Project("{FAE04EC0-301F-11D3-BF4B-00C04F79EFBC}") = "Module4_HW1", "Module4_HW1.csproj", "{8C5FC695-7472-4BFE-A31E-EC5A50316E14}"
EndProject
Global
	GlobalSection(SolutionConfigurationPlatforms) = preSolution
		Debug|Any CPU = Debug|Any CPU
		Release|Any CPU = Release|Any CPU
	EndGlobalSection
	GlobalSection(ProjectConfigurationPlatforms) = postSolution
		{8C5FC695-7472-4BFE-A31E-EC5A50316E14}.Debug|Any CPU.ActiveCfg = Debug|Any CPU
		{8C5FC695-7472-4BFE-A31E-EC5A50316E14}.Debug|Any CPU.Build.0 = Debug|Any CPU
		{8C5FC695-7472-4BFE-A31E-EC5A50316E14}.Release|Any CPU.ActiveCfg = Release|Any CPU
		{8C5FC695-7472-4BFE-A31E-EC5A50316E14}.Release|Any CPU.Build.0 = Release|Any CPU
	EndGlobalSection
	GlobalSection(SolutionProperties) = preSolution
		HideSolutionNode = FALSE
	EndGlobalSection
	GlobalSection(ExtensibilityGlobals) = postSolution
		SolutionGuid = {E9F0A1BB-3151-4021-B267-AEF11AABACD1}
	EndGlobalSection
EndGlobal
