
Microsoft Visual Studio Solution File, Format Version 12.00
# Visual Studio Version 17
VisualStudioVersion = 17.7.34221.43
MinimumVisualStudioVersion = 10.0.40219.1
Project("{FAE04EC0-301F-11D3-BF4B-00C04F79EFBC}") = "Module3_HW5", "Module3_HW5.csproj", "{65A3BA22-F585-4D8D-AD4A-9CD41EEE2951}"
EndProject
Global
	GlobalSection(SolutionConfigurationPlatforms) = preSolution
		Debug|Any CPU = Debug|Any CPU
		Release|Any CPU = Release|Any CPU
	EndGlobalSection
	GlobalSection(ProjectConfigurationPlatforms) = postSolution
		{65A3BA22-F585-4D8D-AD4A-9CD41EEE2951}.Debug|Any CPU.ActiveCfg = Debug|Any CPU
		{65A3BA22-F585-4D8D-AD4A-9CD41EEE2951}.Debug|Any CPU.Build.0 = Debug|Any CPU
		{65A3BA22-F585-4D8D-AD4A-9CD41EEE2951}.Release|Any CPU.ActiveCfg = Release|Any CPU
		{65A3BA22-F585-4D8D-AD4A-9CD41EEE2951}.Release|Any CPU.Build.0 = Release|Any CPU
	EndGlobalSection
	GlobalSection(SolutionProperties) = preSolution
		HideSolutionNode = FALSE
	EndGlobalSection
	GlobalSection(ExtensibilityGlobals) = postSolution
		SolutionGuid = {4C314404-A477-4865-A749-FCBF09247BBC}
	EndGlobalSection
EndGlobal
