
Microsoft Visual Studio Solution File, Format Version 12.00
# Visual Studio Version 17
VisualStudioVersion = 17.7.34202.233
MinimumVisualStudioVersion = 10.0.40219.1
Project("{FAE04EC0-301F-11D3-BF4B-00C04F79EFBC}") = "GeneratePasswords", "GeneratePasswords.csproj", "{A377A23D-A775-4145-A70D-B91A3C73AB4E}"
EndProject
Global
	GlobalSection(SolutionConfigurationPlatforms) = preSolution
		Debug|Any CPU = Debug|Any CPU
		Release|Any CPU = Release|Any CPU
	EndGlobalSection
	GlobalSection(ProjectConfigurationPlatforms) = postSolution
		{A377A23D-A775-4145-A70D-B91A3C73AB4E}.Debug|Any CPU.ActiveCfg = Debug|Any CPU
		{A377A23D-A775-4145-A70D-B91A3C73AB4E}.Debug|Any CPU.Build.0 = Debug|Any CPU
		{A377A23D-A775-4145-A70D-B91A3C73AB4E}.Release|Any CPU.ActiveCfg = Release|Any CPU
		{A377A23D-A775-4145-A70D-B91A3C73AB4E}.Release|Any CPU.Build.0 = Release|Any CPU
	EndGlobalSection
	GlobalSection(SolutionProperties) = preSolution
		HideSolutionNode = FALSE
	EndGlobalSection
	GlobalSection(ExtensibilityGlobals) = postSolution
		SolutionGuid = {FE6BEF65-A425-4ECD-95F1-1223A81178A7}
	EndGlobalSection
EndGlobal
