
Microsoft Visual Studio Solution File, Format Version 12.00
# Visual Studio Version 17
VisualStudioVersion = 17.8.34330.188
MinimumVisualStudioVersion = 10.0.40219.1
Project("{FAE04EC0-301F-11D3-BF4B-00C04F79EFBC}") = "Module2_HW", "Module2_HW.csproj", "{24E779BD-B257-4182-8160-1362A123BC36}"
EndProject
Global
	GlobalSection(SolutionConfigurationPlatforms) = preSolution
		Debug|Any CPU = Debug|Any CPU
		Release|Any CPU = Release|Any CPU
	EndGlobalSection
	GlobalSection(ProjectConfigurationPlatforms) = postSolution
		{24E779BD-B257-4182-8160-1362A123BC36}.Debug|Any CPU.ActiveCfg = Debug|Any CPU
		{24E779BD-B257-4182-8160-1362A123BC36}.Debug|Any CPU.Build.0 = Debug|Any CPU
		{24E779BD-B257-4182-8160-1362A123BC36}.Release|Any CPU.ActiveCfg = Release|Any CPU
		{24E779BD-B257-4182-8160-1362A123BC36}.Release|Any CPU.Build.0 = Release|Any CPU
	EndGlobalSection
	GlobalSection(SolutionProperties) = preSolution
		HideSolutionNode = FALSE
	EndGlobalSection
	GlobalSection(ExtensibilityGlobals) = postSolution
		SolutionGuid = {E72A3DE5-C1F6-4068-BD5A-3D1F84A3BB6B}
	EndGlobalSection
EndGlobal
