
Microsoft Visual Studio Solution File, Format Version 12.00
# Visual Studio Version 17
VisualStudioVersion = 17.8.34330.188
MinimumVisualStudioVersion = 10.0.40219.1
Project("{FAE04EC0-301F-11D3-BF4B-00C04F79EFBC}") = "HW6", "HW6.csproj", "{B7D3A3B9-6AF2-4195-96EE-A52837377E65}"
EndProject
Global
	GlobalSection(SolutionConfigurationPlatforms) = preSolution
		Debug|Any CPU = Debug|Any CPU
		Release|Any CPU = Release|Any CPU
	EndGlobalSection
	GlobalSection(ProjectConfigurationPlatforms) = postSolution
		{B7D3A3B9-6AF2-4195-96EE-A52837377E65}.Debug|Any CPU.ActiveCfg = Debug|Any CPU
		{B7D3A3B9-6AF2-4195-96EE-A52837377E65}.Debug|Any CPU.Build.0 = Debug|Any CPU
		{B7D3A3B9-6AF2-4195-96EE-A52837377E65}.Release|Any CPU.ActiveCfg = Release|Any CPU
		{B7D3A3B9-6AF2-4195-96EE-A52837377E65}.Release|Any CPU.Build.0 = Release|Any CPU
	EndGlobalSection
	GlobalSection(SolutionProperties) = preSolution
		HideSolutionNode = FALSE
	EndGlobalSection
	GlobalSection(ExtensibilityGlobals) = postSolution
		SolutionGuid = {24737E98-009D-4785-842A-F86BF0015789}
	EndGlobalSection
EndGlobal
